
Microsoft Visual Studio Solution File, Format Version 12.00
# Visual Studio Version 17
VisualStudioVersion = 17.5.002.0
MinimumVisualStudioVersion = 10.0.40219.1
Project("{9A19103F-16F7-4668-BE54-9A1E7A4F7556}") = "ProjetoSintaxeBasic", "ProjetoSintaxeBasic\ProjetoSintaxeBasic.csproj", "{E97F4909-1402-48D0-81E2-4D4801B7369C}"
EndProject
Global
	GlobalSection(SolutionConfigurationPlatforms) = preSolution
		Debug|Any CPU = Debug|Any CPU
		Release|Any CPU = Release|Any CPU
	EndGlobalSection
	GlobalSection(ProjectConfigurationPlatforms) = postSolution
		{E97F4909-1402-48D0-81E2-4D4801B7369C}.Debug|Any CPU.ActiveCfg = Debug|Any CPU
		{E97F4909-1402-48D0-81E2-4D4801B7369C}.Debug|Any CPU.Build.0 = Debug|Any CPU
		{E97F4909-1402-48D0-81E2-4D4801B7369C}.Release|Any CPU.ActiveCfg = Release|Any CPU
		{E97F4909-1402-48D0-81E2-4D4801B7369C}.Release|Any CPU.Build.0 = Release|Any CPU
	EndGlobalSection
	GlobalSection(SolutionProperties) = preSolution
		HideSolutionNode = FALSE
	EndGlobalSection
	GlobalSection(ExtensibilityGlobals) = postSolution
		SolutionGuid = {209E6B48-3F9E-457D-A709-0D36A3955C56}
	EndGlobalSection
EndGlobal
